// !$*UTF8*$!
{
	archiveVersion = 1;
	classes = {
	};
	objectVersion = 51;
	objects = {

/* Begin PBXBuildFile section */
		0FEA7E62E9CF529E24CE0081 /* Pods_MyPlaces.framework in Frameworks */ = {isa = PBXBuildFile; fileRef = 017DA9C467DEA98B5F5E9FBD /* Pods_MyPlaces.framework */; };
		8A1DB3D8245C7F4C0032E05C /* AppDelegate.swift in Sources */ = {isa = PBXBuildFile; fileRef = 8A1DB3D7245C7F4C0032E05C /* AppDelegate.swift */; };
		8A1DB3DA245C7F4C0032E05C /* SceneDelegate.swift in Sources */ = {isa = PBXBuildFile; fileRef = 8A1DB3D9245C7F4C0032E05C /* SceneDelegate.swift */; };
		8A1DB3DF245C7F4C0032E05C /* Main.storyboard in Resources */ = {isa = PBXBuildFile; fileRef = 8A1DB3DD245C7F4C0032E05C /* Main.storyboard */; };
		8A1DB3E1245C7F4C0032E05C /* Assets.xcassets in Resources */ = {isa = PBXBuildFile; fileRef = 8A1DB3E0245C7F4C0032E05C /* Assets.xcassets */; };
		8A1DB3E4245C7F4C0032E05C /* LaunchScreen.storyboard in Resources */ = {isa = PBXBuildFile; fileRef = 8A1DB3E2245C7F4C0032E05C /* LaunchScreen.storyboard */; };
		8A1DB3EC245C7F620032E05C /* MainViewController.swift in Sources */ = {isa = PBXBuildFile; fileRef = 8A1DB3EB245C7F620032E05C /* MainViewController.swift */; };
		8A1DB3EE245C90A70032E05C /* CustomViewCell.swift in Sources */ = {isa = PBXBuildFile; fileRef = 8A1DB3ED245C90A70032E05C /* CustomViewCell.swift */; };
		8A1DB3F4245C969F0032E05C /* PlaceModel.swift in Sources */ = {isa = PBXBuildFile; fileRef = 8A1DB3F3245C969F0032E05C /* PlaceModel.swift */; };
		8A31C37324627F1600E51C09 /* StorageManager.swift in Sources */ = {isa = PBXBuildFile; fileRef = 8A31C37224627F1600E51C09 /* StorageManager.swift */; };
		8A43CE92245D9B1600DF70C9 /* NewPlaceViewController.swift in Sources */ = {isa = PBXBuildFile; fileRef = 8A43CE91245D9B1600DF70C9 /* NewPlaceViewController.swift */; };
/* End PBXBuildFile section */

/* Begin PBXFileReference section */
		017DA9C467DEA98B5F5E9FBD /* Pods_MyPlaces.framework */ = {isa = PBXFileReference; explicitFileType = wrapper.framework; includeInIndex = 0; path = Pods_MyPlaces.framework; sourceTree = BUILT_PRODUCTS_DIR; };
		8A1DB3D4245C7F4C0032E05C /* MyPlaces.app */ = {isa = PBXFileReference; explicitFileType = wrapper.application; includeInIndex = 0; path = MyPlaces.app; sourceTree = BUILT_PRODUCTS_DIR; };
		8A1DB3D7245C7F4C0032E05C /* AppDelegate.swift */ = {isa = PBXFileReference; lastKnownFileType = sourcecode.swift; path = AppDelegate.swift; sourceTree = "<group>"; };
		8A1DB3D9245C7F4C0032E05C /* SceneDelegate.swift */ = {isa = PBXFileReference; lastKnownFileType = sourcecode.swift; path = SceneDelegate.swift; sourceTree = "<group>"; };
		8A1DB3DE245C7F4C0032E05C /* Base */ = {isa = PBXFileReference; lastKnownFileType = file.storyboard; name = Base; path = Base.lproj/Main.storyboard; sourceTree = "<group>"; };
		8A1DB3E0245C7F4C0032E05C /* Assets.xcassets */ = {isa = PBXFileReference; lastKnownFileType = folder.assetcatalog; path = Assets.xcassets; sourceTree = "<group>"; };
		8A1DB3E3245C7F4C0032E05C /* Base */ = {isa = PBXFileReference; lastKnownFileType = file.storyboard; name = Base; path = Base.lproj/LaunchScreen.storyboard; sourceTree = "<group>"; };
		8A1DB3E5245C7F4C0032E05C /* Info.plist */ = {isa = PBXFileReference; lastKnownFileType = text.plist.xml; path = Info.plist; sourceTree = "<group>"; };
		8A1DB3EB245C7F620032E05C /* MainViewController.swift */ = {isa = PBXFileReference; lastKnownFileType = sourcecode.swift; path = MainViewController.swift; sourceTree = "<group>"; };
		8A1DB3ED245C90A70032E05C /* CustomViewCell.swift */ = {isa = PBXFileReference; lastKnownFileType = sourcecode.swift; path = CustomViewCell.swift; sourceTree = "<group>"; };
		8A1DB3F3245C969F0032E05C /* PlaceModel.swift */ = {isa = PBXFileReference; lastKnownFileType = sourcecode.swift; path = PlaceModel.swift; sourceTree = "<group>"; };
		8A31C37224627F1600E51C09 /* StorageManager.swift */ = {isa = PBXFileReference; lastKnownFileType = sourcecode.swift; path = StorageManager.swift; sourceTree = "<group>"; };
		8A43CE91245D9B1600DF70C9 /* NewPlaceViewController.swift */ = {isa = PBXFileReference; lastKnownFileType = sourcecode.swift; path = NewPlaceViewController.swift; sourceTree = "<group>"; };
		CDEB4D69129D795AF9C9094C /* Pods-MyPlaces.release.xcconfig */ = {isa = PBXFileReference; includeInIndex = 1; lastKnownFileType = text.xcconfig; name = "Pods-MyPlaces.release.xcconfig"; path = "Target Support Files/Pods-MyPlaces/Pods-MyPlaces.release.xcconfig"; sourceTree = "<group>"; };
		D64279E8C481FC549E0AC083 /* Pods-MyPlaces.debug.xcconfig */ = {isa = PBXFileReference; includeInIndex = 1; lastKnownFileType = text.xcconfig; name = "Pods-MyPlaces.debug.xcconfig"; path = "Target Support Files/Pods-MyPlaces/Pods-MyPlaces.debug.xcconfig"; sourceTree = "<group>"; };
/* End PBXFileReference section */

/* Begin PBXFrameworksBuildPhase section */
		8A1DB3D1245C7F4C0032E05C /* Frameworks */ = {
			isa = PBXFrameworksBuildPhase;
			buildActionMask = 2147483647;
			files = (
				0FEA7E62E9CF529E24CE0081 /* Pods_MyPlaces.framework in Frameworks */,
			);
			runOnlyForDeploymentPostprocessing = 0;
		};
/* End PBXFrameworksBuildPhase section */

/* Begin PBXGroup section */
		55F772EE41DF7056385CAB8B /* Pods */ = {
			isa = PBXGroup;
			children = (
				D64279E8C481FC549E0AC083 /* Pods-MyPlaces.debug.xcconfig */,
				CDEB4D69129D795AF9C9094C /* Pods-MyPlaces.release.xcconfig */,
			);
			path = Pods;
			sourceTree = "<group>";
		};
		8A1DB3CB245C7F4B0032E05C = {
			isa = PBXGroup;
			children = (
				8A1DB3D6245C7F4C0032E05C /* MyPlaces */,
				8A1DB3D5245C7F4C0032E05C /* Products */,
				55F772EE41DF7056385CAB8B /* Pods */,
				A0975AF4FB37E8C7FB984F73 /* Frameworks */,
			);
			sourceTree = "<group>";
		};
		8A1DB3D5245C7F4C0032E05C /* Products */ = {
			isa = PBXGroup;
			children = (
				8A1DB3D4245C7F4C0032E05C /* MyPlaces.app */,
			);
			name = Products;
			sourceTree = "<group>";
		};
		8A1DB3D6245C7F4C0032E05C /* MyPlaces */ = {
			isa = PBXGroup;
			children = (
				8A1DB3EB245C7F620032E05C /* MainViewController.swift */,
				8A1DB3F3245C969F0032E05C /* PlaceModel.swift */,
				8A31C37224627F1600E51C09 /* StorageManager.swift */,
				8A1DB3ED245C90A70032E05C /* CustomViewCell.swift */,
				8A43CE91245D9B1600DF70C9 /* NewPlaceViewController.swift */,
				8A1DB3DD245C7F4C0032E05C /* Main.storyboard */,
				8A1DB3E0245C7F4C0032E05C /* Assets.xcassets */,
				8A1DB3D7245C7F4C0032E05C /* AppDelegate.swift */,
				8A1DB3D9245C7F4C0032E05C /* SceneDelegate.swift */,
				8A1DB3E2245C7F4C0032E05C /* LaunchScreen.storyboard */,
				8A1DB3E5245C7F4C0032E05C /* Info.plist */,
			);
			path = MyPlaces;
			sourceTree = "<group>";
		};
		A0975AF4FB37E8C7FB984F73 /* Frameworks */ = {
			isa = PBXGroup;
			children = (
				017DA9C467DEA98B5F5E9FBD /* Pods_MyPlaces.framework */,
			);
			name = Frameworks;
			sourceTree = "<group>";
		};
/* End PBXGroup section */

/* Begin PBXNativeTarget section */
		8A1DB3D3245C7F4C0032E05C /* MyPlaces */ = {
			isa = PBXNativeTarget;
			buildConfigurationList = 8A1DB3E8245C7F4C0032E05C /* Build configuration list for PBXNativeTarget "MyPlaces" */;
			buildPhases = (
				F374C18D14B056FC2B40A8D9 /* [CP] Check Pods Manifest.lock */,
				8A1DB3D0245C7F4C0032E05C /* Sources */,
				8A1DB3D1245C7F4C0032E05C /* Frameworks */,
				8A1DB3D2245C7F4C0032E05C /* Resources */,
				D6F5F6C34323366D8A58E33F /* [CP] Embed Pods Frameworks */,
			);
			buildRules = (
			);
			dependencies = (
			);
			name = MyPlaces;
			productName = MyPlaces;
			productReference = 8A1DB3D4245C7F4C0032E05C /* MyPlaces.app */;
			productType = "com.apple.product-type.application";
		};
/* End PBXNativeTarget section */

/* Begin PBXProject section */
		8A1DB3CC245C7F4B0032E05C /* Project object */ = {
			isa = PBXProject;
			attributes = {
				LastSwiftUpdateCheck = 1140;
				LastUpgradeCheck = 1140;
				ORGANIZATIONNAME = Lepa;
				TargetAttributes = {
					8A1DB3D3245C7F4C0032E05C = {
						CreatedOnToolsVersion = 11.4.1;
					};
				};
			};
			buildConfigurationList = 8A1DB3CF245C7F4B0032E05C /* Build configuration list for PBXProject "MyPlaces" */;
			compatibilityVersion = "Xcode 9.3";
			developmentRegion = en;
			hasScannedForEncodings = 0;
			knownRegions = (
				en,
				Base,
			);
			mainGroup = 8A1DB3CB245C7F4B0032E05C;
			productRefGroup = 8A1DB3D5245C7F4C0032E05C /* Products */;
			projectDirPath = "";
			projectRoot = "";
			targets = (
				8A1DB3D3245C7F4C0032E05C /* MyPlaces */,
			);
		};
/* End PBXProject section */

/* Begin PBXResourcesBuildPhase section */
		8A1DB3D2245C7F4C0032E05C /* Resources */ = {
			isa = PBXResourcesBuildPhase;
			buildActionMask = 2147483647;
			files = (
				8A1DB3E4245C7F4C0032E05C /* LaunchScreen.storyboard in Resources */,
				8A1DB3E1245C7F4C0032E05C /* Assets.xcassets in Resources */,
				8A1DB3DF245C7F4C0032E05C /* Main.storyboard in Resources */,
			);
			runOnlyForDeploymentPostprocessing = 0;
		};
/* End PBXResourcesBuildPhase section */

/* Begin PBXShellScriptBuildPhase section */
		D6F5F6C34323366D8A58E33F /* [CP] Embed Pods Frameworks */ = {
			isa = PBXShellScriptBuildPhase;
			buildActionMask = 2147483647;
			files = (
			);
			inputFileListPaths = (
				"${PODS_ROOT}/Target Support Files/Pods-MyPlaces/Pods-MyPlaces-frameworks-${CONFIGURATION}-input-files.xcfilelist",
			);
			name = "[CP] Embed Pods Frameworks";
			outputFileListPaths = (
				"${PODS_ROOT}/Target Support Files/Pods-MyPlaces/Pods-MyPlaces-frameworks-${CONFIGURATION}-output-files.xcfilelist",
			);
			runOnlyForDeploymentPostprocessing = 0;
			shellPath = /bin/sh;
			shellScript = "\"${PODS_ROOT}/Target Support Files/Pods-MyPlaces/Pods-MyPlaces-frameworks.sh\"\n";
			showEnvVarsInLog = 0;
		};
		F374C18D14B056FC2B40A8D9 /* [CP] Check Pods Manifest.lock */ = {
			isa = PBXShellScriptBuildPhase;
			buildActionMask = 2147483647;
			files = (
			);
			inputFileListPaths = (
			);
			inputPaths = (
				"${PODS_PODFILE_DIR_PATH}/Podfile.lock",
				"${PODS_ROOT}/Manifest.lock",
			);
			name = "[CP] Check Pods Manifest.lock";
			outputFileListPaths = (
			);
			outputPaths = (
				"$(DERIVED_FILE_DIR)/Pods-MyPlaces-checkManifestLockResult.txt",
			);
			runOnlyForDeploymentPostprocessing = 0;
			shellPath = /bin/sh;
			shellScript = "diff \"${PODS_PODFILE_DIR_PATH}/Podfile.lock\" \"${PODS_ROOT}/Manifest.lock\" > /dev/null\nif [ $? != 0 ] ; then\n    # print error to STDERR\n    echo \"error: The sandbox is not in sync with the Podfile.lock. Run 'pod install' or update your CocoaPods installation.\" >&2\n    exit 1\nfi\n# This output is used by Xcode 'outputs' to avoid re-running this script phase.\necho \"SUCCESS\" > \"${SCRIPT_OUTPUT_FILE_0}\"\n";
			showEnvVarsInLog = 0;
		};
/* End PBXShellScriptBuildPhase section */

/* Begin PBXSourcesBuildPhase section */
		8A1DB3D0245C7F4C0032E05C /* Sources */ = {
			isa = PBXSourcesBuildPhase;
			buildActionMask = 2147483647;
			files = (
				8A43CE92245D9B1600DF70C9 /* NewPlaceViewController.swift in Sources */,
				8A1DB3D8245C7F4C0032E05C /* AppDelegate.swift in Sources */,
				8A1DB3EE245C90A70032E05C /* CustomViewCell.swift in Sources */,
				8A31C37324627F1600E51C09 /* StorageManager.swift in Sources */,
				8A1DB3F4245C969F0032E05C /* PlaceModel.swift in Sources */,
				8A1DB3DA245C7F4C0032E05C /* SceneDelegate.swift in Sources */,
				8A1DB3EC245C7F620032E05C /* MainViewController.swift in Sources */,
			);
			runOnlyForDeploymentPostprocessing = 0;
		};
/* End PBXSourcesBuildPhase section */

/* Begin PBXVariantGroup section */
		8A1DB3DD245C7F4C0032E05C /* Main.storyboard */ = {
			isa = PBXVariantGroup;
			children = (
				8A1DB3DE245C7F4C0032E05C /* Base */,
			);
			name = Main.storyboard;
			sourceTree = "<group>";
		};
		8A1DB3E2245C7F4C0032E05C /* LaunchScreen.storyboard */ = {
			isa = PBXVariantGroup;
			children = (
				8A1DB3E3245C7F4C0032E05C /* Base */,
			);
			name = LaunchScreen.storyboard;
			sourceTree = "<group>";
		};
/* End PBXVariantGroup section */

/* Begin XCBuildConfiguration section */
		8A1DB3E6245C7F4C0032E05C /* Debug */ = {
			isa = XCBuildConfiguration;
			buildSettings = {
				ALWAYS_SEARCH_USER_PATHS = NO;
				CLANG_ANALYZER_NONNULL = YES;
				CLANG_ANALYZER_NUMBER_OBJECT_CONVERSION = YES_AGGRESSIVE;
				CLANG_CXX_LANGUAGE_STANDARD = "gnu++14";
				CLANG_CXX_LIBRARY = "libc++";
				CLANG_ENABLE_MODULES = YES;
				CLANG_ENABLE_OBJC_ARC = YES;
				CLANG_ENABLE_OBJC_WEAK = YES;
				CLANG_WARN_BLOCK_CAPTURE_AUTORELEASING = YES;
				CLANG_WARN_BOOL_CONVERSION = YES;
				CLANG_WARN_COMMA = YES;
				CLANG_WARN_CONSTANT_CONVERSION = YES;
				CLANG_WARN_DEPRECATED_OBJC_IMPLEMENTATIONS = YES;
				CLANG_WARN_DIRECT_OBJC_ISA_USAGE = YES_ERROR;
				CLANG_WARN_DOCUMENTATION_COMMENTS = YES;
				CLANG_WARN_EMPTY_BODY = YES;
				CLANG_WARN_ENUM_CONVERSION = YES;
				CLANG_WARN_INFINITE_RECURSION = YES;
				CLANG_WARN_INT_CONVERSION = YES;
				CLANG_WARN_NON_LITERAL_NULL_CONVERSION = YES;
				CLANG_WARN_OBJC_IMPLICIT_RETAIN_SELF = YES;
				CLANG_WARN_OBJC_LITERAL_CONVERSION = YES;
				CLANG_WARN_OBJC_ROOT_CLASS = YES_ERROR;
				CLANG_WARN_RANGE_LOOP_ANALYSIS = YES;
				CLANG_WARN_STRICT_PROTOTYPES = YES;
				CLANG_WARN_SUSPICIOUS_MOVE = YES;
				CLANG_WARN_UNGUARDED_AVAILABILITY = YES_AGGRESSIVE;
				CLANG_WARN_UNREACHABLE_CODE = YES;
				CLANG_WARN__DUPLICATE_METHOD_MATCH = YES;
				COPY_PHASE_STRIP = NO;
				DEBUG_INFORMATION_FORMAT = dwarf;
				ENABLE_STRICT_OBJC_MSGSEND = YES;
				ENABLE_TESTABILITY = YES;
				GCC_C_LANGUAGE_STANDARD = gnu11;
				GCC_DYNAMIC_NO_PIC = NO;
				GCC_NO_COMMON_BLOCKS = YES;
				GCC_OPTIMIZATION_LEVEL = 0;
				GCC_PREPROCESSOR_DEFINITIONS = (
					"DEBUG=1",
					"$(inherited)",
				);
				GCC_WARN_64_TO_32_BIT_CONVERSION = YES;
				GCC_WARN_ABOUT_RETURN_TYPE = YES_ERROR;
				GCC_WARN_UNDECLARED_SELECTOR = YES;
				GCC_WARN_UNINITIALIZED_AUTOS = YES_AGGRESSIVE;
				GCC_WARN_UNUSED_FUNCTION = YES;
				GCC_WARN_UNUSED_VARIABLE = YES;
				IPHONEOS_DEPLOYMENT_TARGET = 13.4;
				MTL_ENABLE_DEBUG_INFO = INCLUDE_SOURCE;
				MTL_FAST_MATH = YES;
				ONLY_ACTIVE_ARCH = YES;
				SDKROOT = iphoneos;
				SWIFT_ACTIVE_COMPILATION_CONDITIONS = DEBUG;
				SWIFT_OPTIMIZATION_LEVEL = "-Onone";
			};
			name = Debug;
		};
		8A1DB3E7245C7F4C0032E05C /* Release */ = {
			isa = XCBuildConfiguration;
			buildSettings = {
				ALWAYS_SEARCH_USER_PATHS = NO;
				CLANG_ANALYZER_NONNULL = YES;
				CLANG_ANALYZER_NUMBER_OBJECT_CONVERSION = YES_AGGRESSIVE;
				CLANG_CXX_LANGUAGE_STANDARD = "gnu++14";
				CLANG_CXX_LIBRARY = "libc++";
				CLANG_ENABLE_MODULES = YES;
				CLANG_ENABLE_OBJC_ARC = YES;
				CLANG_ENABLE_OBJC_WEAK = YES;
				CLANG_WARN_BLOCK_CAPTURE_AUTORELEASING = YES;
				CLANG_WARN_BOOL_CONVERSION = YES;
				CLANG_WARN_COMMA = YES;
				CLANG_WARN_CONSTANT_CONVERSION = YES;
				CLANG_WARN_DEPRECATED_OBJC_IMPLEMENTATIONS = YES;
				CLANG_WARN_DIRECT_OBJC_ISA_USAGE = YES_ERROR;
				CLANG_WARN_DOCUMENTATION_COMMENTS = YES;
				CLANG_WARN_EMPTY_BODY = YES;
				CLANG_WARN_ENUM_CONVERSION = YES;
				CLANG_WARN_INFINITE_RECURSION = YES;
				CLANG_WARN_INT_CONVERSION = YES;
				CLANG_WARN_NON_LITERAL_NULL_CONVERSION = YES;
				CLANG_WARN_OBJC_IMPLICIT_RETAIN_SELF = YES;
				CLANG_WARN_OBJC_LITERAL_CONVERSION = YES;
				CLANG_WARN_OBJC_ROOT_CLASS = YES_ERROR;
				CLANG_WARN_RANGE_LOOP_ANALYSIS = YES;
				CLANG_WARN_STRICT_PROTOTYPES = YES;
				CLANG_WARN_SUSPICIOUS_MOVE = YES;
				CLANG_WARN_UNGUARDED_AVAILABILITY = YES_AGGRESSIVE;
				CLANG_WARN_UNREACHABLE_CODE = YES;
				CLANG_WARN__DUPLICATE_METHOD_MATCH = YES;
				COPY_PHASE_STRIP = NO;
				DEBUG_INFORMATION_FORMAT = "dwarf-with-dsym";
				ENABLE_NS_ASSERTIONS = NO;
				ENABLE_STRICT_OBJC_MSGSEND = YES;
				GCC_C_LANGUAGE_STANDARD = gnu11;
				GCC_NO_COMMON_BLOCKS = YES;
				GCC_WARN_64_TO_32_BIT_CONVERSION = YES;
				GCC_WARN_ABOUT_RETURN_TYPE = YES_ERROR;
				GCC_WARN_UNDECLARED_SELECTOR = YES;
				GCC_WARN_UNINITIALIZED_AUTOS = YES_AGGRESSIVE;
				GCC_WARN_UNUSED_FUNCTION = YES;
				GCC_WARN_UNUSED_VARIABLE = YES;
				IPHONEOS_DEPLOYMENT_TARGET = 13.4;
				MTL_ENABLE_DEBUG_INFO = NO;
				MTL_FAST_MATH = YES;
				SDKROOT = iphoneos;
				SWIFT_COMPILATION_MODE = wholemodule;
				SWIFT_OPTIMIZATION_LEVEL = "-O";
				VALIDATE_PRODUCT = YES;
			};
			name = Release;
		};
		8A1DB3E9245C7F4C0032E05C /* Debug */ = {
			isa = XCBuildConfiguration;
			baseConfigurationReference = D64279E8C481FC549E0AC083 /* Pods-MyPlaces.debug.xcconfig */;
			buildSettings = {
				ASSETCATALOG_COMPILER_APPICON_NAME = AppIcon;
				CODE_SIGN_IDENTITY = "Apple Development";
				CODE_SIGN_STYLE = Automatic;
				DEVELOPMENT_TEAM = X4UHT388G3;
				INFOPLIST_FILE = MyPlaces/Info.plist;
				LD_RUNPATH_SEARCH_PATHS = (
					"$(inherited)",
					"@executable_path/Frameworks",
				);
				PRODUCT_BUNDLE_IDENTIFIER = lepaindustr.MyPlaces;
				PRODUCT_NAME = "$(TARGET_NAME)";
				PROVISIONING_PROFILE_SPECIFIER = "";
				SWIFT_VERSION = 5.0;
				TARGETED_DEVICE_FAMILY = "1,2";
			};
			name = Debug;
		};
		8A1DB3EA245C7F4C0032E05C /* Release */ = {
			isa = XCBuildConfiguration;
			baseConfigurationReference = CDEB4D69129D795AF9C9094C /* Pods-MyPlaces.release.xcconfig */;
			buildSettings = {
				ASSETCATALOG_COMPILER_APPICON_NAME = AppIcon;
				CODE_SIGN_STYLE = Automatic;
				DEVELOPMENT_TEAM = X4UHT388G3;
				INFOPLIST_FILE = MyPlaces/Info.plist;
				LD_RUNPATH_SEARCH_PATHS = (
					"$(inherited)",
					"@executable_path/Frameworks",
				);
				PRODUCT_BUNDLE_IDENTIFIER = lepaindustr.MyPlaces;
				PRODUCT_NAME = "$(TARGET_NAME)";
				SWIFT_VERSION = 5.0;
				TARGETED_DEVICE_FAMILY = "1,2";
			};
			name = Release;
		};
/* End XCBuildConfiguration section */

/* Begin XCConfigurationList section */
		8A1DB3CF245C7F4B0032E05C /* Build configuration list for PBXProject "MyPlaces" */ = {
			isa = XCConfigurationList;
			buildConfigurations = (
				8A1DB3E6245C7F4C0032E05C /* Debug */,
				8A1DB3E7245C7F4C0032E05C /* Release */,
			);
			defaultConfigurationIsVisible = 0;
			defaultConfigurationName = Release;
		};
		8A1DB3E8245C7F4C0032E05C /* Build configuration list for PBXNativeTarget "MyPlaces" */ = {
			isa = XCConfigurationList;
			buildConfigurations = (
				8A1DB3E9245C7F4C0032E05C /* Debug */,
				8A1DB3EA245C7F4C0032E05C /* Release */,
			);
			defaultConfigurationIsVisible = 0;
			defaultConfigurationName = Release;
		};
/* End XCConfigurationList section */
	};
	rootObject = 8A1DB3CC245C7F4B0032E05C /* Project object */;
}
